
Microsoft Visual Studio Solution File, Format Version 12.00
Project("{FAE04EC0-301F-11D3-BF4B-00C04F79EFBC}") = "AvaloniaSimpleToDoList", "AvaloniaSimpleToDoList\AvaloniaSimpleToDoList.csproj", "{C5B732B2-F985-4A4A-BC1D-3590E505FAB8}"
EndProject
Project("{FAE04EC0-301F-11D3-BF4B-00C04F79EFBC}") = "BasicMvvmSample", "BasicMvvmSample\BasicMvvmSample.csproj", "{CB0FA2CD-6714-4393-97DB-269DE567671E}"
EndProject
Project("{FAE04EC0-301F-11D3-BF4B-00C04F79EFBC}") = "CommandSample", "CommandSample\CommandSample.csproj", "{36754263-E178-4223-99D8-B4B6D9A198B0}"
EndProject
Project("{FAE04EC0-301F-11D3-BF4B-00C04F79EFBC}") = "ValueConversionSample", "ValueConversionSample\ValueConversionSample.csproj", "{FFB68C2D-9CE1-46FD-A9E4-3F9B1BFF3B4C}"
EndProject
Project("{FAE04EC0-301F-11D3-BF4B-00C04F79EFBC}") = "ValidationSample", "ValidationSample\ValidationSample.csproj", "{AFEEC385-F28C-4FB5-A96E-8CED71615A2B}"
EndProject
Project("{FAE04EC0-301F-11D3-BF4B-00C04F79EFBC}") = "BasicDataTemplateSample", "BasicDataTemplateSample\BasicDataTemplateSample.csproj", "{A9B98D7C-E04E-44C1-BAF7-4B0FD82B32EB}"
EndProject
Project("{FAE04EC0-301F-11D3-BF4B-00C04F79EFBC}") = "FuncDataTemplateSample", "FuncDataTemplateSample\FuncDataTemplateSample.csproj", "{8534B792-CFDB-4036-9C10-7C9321ADFB8C}"
EndProject
Project("{FAE04EC0-301F-11D3-BF4B-00C04F79EFBC}") = "IDataTemplateSample", "IDataTemplateSample\IDataTemplateSample.csproj", "{D6037933-CACC-4CF2-8FF6-EDC2A0807F46}"
EndProject
Project("{FAE04EC0-301F-11D3-BF4B-00C04F79EFBC}") = "BasicViewLocatorSample", "BasicViewLocatorSample\BasicViewLocatorSample.csproj", "{82CF78DD-5E7F-4568-AEA0-EA521E734FA9}"
EndProject
Project("{2150E333-8FDC-42A3-9474-1A3956D46DE8}") = "CustomControls", "CustomControls", "{CEDFE318-3254-4DA7-B543-AE4845E4AB7A}"
EndProject
Project("{FAE04EC0-301F-11D3-BF4B-00C04F79EFBC}") = "RatingControlSample", "RatingControlSample\RatingControlSample.csproj", "{0A2E816A-BCED-4374-9838-ADB7295EF49B}"
EndProject
Global
	GlobalSection(SolutionConfigurationPlatforms) = preSolution
		Debug|Any CPU = Debug|Any CPU
		Release|Any CPU = Release|Any CPU
	EndGlobalSection
	GlobalSection(ProjectConfigurationPlatforms) = postSolution
		{C5B732B2-F985-4A4A-BC1D-3590E505FAB8}.Debug|Any CPU.ActiveCfg = Debug|Any CPU
		{C5B732B2-F985-4A4A-BC1D-3590E505FAB8}.Debug|Any CPU.Build.0 = Debug|Any CPU
		{C5B732B2-F985-4A4A-BC1D-3590E505FAB8}.Release|Any CPU.ActiveCfg = Release|Any CPU
		{C5B732B2-F985-4A4A-BC1D-3590E505FAB8}.Release|Any CPU.Build.0 = Release|Any CPU
		{CB0FA2CD-6714-4393-97DB-269DE567671E}.Debug|Any CPU.ActiveCfg = Debug|Any CPU
		{CB0FA2CD-6714-4393-97DB-269DE567671E}.Debug|Any CPU.Build.0 = Debug|Any CPU
		{CB0FA2CD-6714-4393-97DB-269DE567671E}.Release|Any CPU.ActiveCfg = Release|Any CPU
		{CB0FA2CD-6714-4393-97DB-269DE567671E}.Release|Any CPU.Build.0 = Release|Any CPU
		{36754263-E178-4223-99D8-B4B6D9A198B0}.Debug|Any CPU.ActiveCfg = Debug|Any CPU
		{36754263-E178-4223-99D8-B4B6D9A198B0}.Debug|Any CPU.Build.0 = Debug|Any CPU
		{36754263-E178-4223-99D8-B4B6D9A198B0}.Release|Any CPU.ActiveCfg = Release|Any CPU
		{36754263-E178-4223-99D8-B4B6D9A198B0}.Release|Any CPU.Build.0 = Release|Any CPU
		{FFB68C2D-9CE1-46FD-A9E4-3F9B1BFF3B4C}.Debug|Any CPU.ActiveCfg = Debug|Any CPU
		{FFB68C2D-9CE1-46FD-A9E4-3F9B1BFF3B4C}.Debug|Any CPU.Build.0 = Debug|Any CPU
		{FFB68C2D-9CE1-46FD-A9E4-3F9B1BFF3B4C}.Release|Any CPU.ActiveCfg = Release|Any CPU
		{FFB68C2D-9CE1-46FD-A9E4-3F9B1BFF3B4C}.Release|Any CPU.Build.0 = Release|Any CPU
		{AFEEC385-F28C-4FB5-A96E-8CED71615A2B}.Debug|Any CPU.ActiveCfg = Debug|Any CPU
		{AFEEC385-F28C-4FB5-A96E-8CED71615A2B}.Debug|Any CPU.Build.0 = Debug|Any CPU
		{AFEEC385-F28C-4FB5-A96E-8CED71615A2B}.Release|Any CPU.ActiveCfg = Release|Any CPU
		{AFEEC385-F28C-4FB5-A96E-8CED71615A2B}.Release|Any CPU.Build.0 = Release|Any CPU
		{A9B98D7C-E04E-44C1-BAF7-4B0FD82B32EB}.Debug|Any CPU.ActiveCfg = Debug|Any CPU
		{A9B98D7C-E04E-44C1-BAF7-4B0FD82B32EB}.Debug|Any CPU.Build.0 = Debug|Any CPU
		{A9B98D7C-E04E-44C1-BAF7-4B0FD82B32EB}.Release|Any CPU.ActiveCfg = Release|Any CPU
		{A9B98D7C-E04E-44C1-BAF7-4B0FD82B32EB}.Release|Any CPU.Build.0 = Release|Any CPU
		{8534B792-CFDB-4036-9C10-7C9321ADFB8C}.Debug|Any CPU.ActiveCfg = Debug|Any CPU
		{8534B792-CFDB-4036-9C10-7C9321ADFB8C}.Debug|Any CPU.Build.0 = Debug|Any CPU
		{8534B792-CFDB-4036-9C10-7C9321ADFB8C}.Release|Any CPU.ActiveCfg = Release|Any CPU
		{8534B792-CFDB-4036-9C10-7C9321ADFB8C}.Release|Any CPU.Build.0 = Release|Any CPU
		{D6037933-CACC-4CF2-8FF6-EDC2A0807F46}.Debug|Any CPU.ActiveCfg = Debug|Any CPU
		{D6037933-CACC-4CF2-8FF6-EDC2A0807F46}.Debug|Any CPU.Build.0 = Debug|Any CPU
		{D6037933-CACC-4CF2-8FF6-EDC2A0807F46}.Release|Any CPU.ActiveCfg = Release|Any CPU
		{D6037933-CACC-4CF2-8FF6-EDC2A0807F46}.Release|Any CPU.Build.0 = Release|Any CPU
		{82CF78DD-5E7F-4568-AEA0-EA521E734FA9}.Debug|Any CPU.ActiveCfg = Debug|Any CPU
		{82CF78DD-5E7F-4568-AEA0-EA521E734FA9}.Debug|Any CPU.Build.0 = Debug|Any CPU
		{82CF78DD-5E7F-4568-AEA0-EA521E734FA9}.Release|Any CPU.ActiveCfg = Release|Any CPU
		{82CF78DD-5E7F-4568-AEA0-EA521E734FA9}.Release|Any CPU.Build.0 = Release|Any CPU
		{0A2E816A-BCED-4374-9838-ADB7295EF49B}.Debug|Any CPU.ActiveCfg = Debug|Any CPU
		{0A2E816A-BCED-4374-9838-ADB7295EF49B}.Debug|Any CPU.Build.0 = Debug|Any CPU
		{0A2E816A-BCED-4374-9838-ADB7295EF49B}.Release|Any CPU.ActiveCfg = Release|Any CPU
		{0A2E816A-BCED-4374-9838-ADB7295EF49B}.Release|Any CPU.Build.0 = Release|Any CPU
	EndGlobalSection
	GlobalSection(NestedProjects) = preSolution
		{0A2E816A-BCED-4374-9838-ADB7295EF49B} = {CEDFE318-3254-4DA7-B543-AE4845E4AB7A}
	EndGlobalSection
EndGlobal
